{"version":4,"terraform_version":"1.12.1","serial":21,"lineage":"51fbead2-4199-cb87-045d-a12c1683e65d","outputs":{},"resources":[{"mode":"managed","type":"proxmox_download_file","name":"debian_cloud","provider":"provider[\"registry.opentofu.org/bpg/proxmox\"]","instances":[{"schema_version":0,"attributes":{"checksum":null,"checksum_algorithm":null,"content_type":"import","datastore_id":"local","decompression_algorithm":null,"file_name":"debian-13-genericcloud-amd64.qcow2","id":"local:import/debian-13-genericcloud-amd64.qcow2","node_name":"pve","overwrite":true,"overwrite_unmanaged":false,"size":339673088,"upload_timeout":600,"url":"https://cloud.debian.org/images/cloud/trixie/latest/debian-13-genericcloud-amd64.qcow2","verify":true},"sensitive_attributes":[]}]},{"mode":"managed","type":"proxmox_download_file","name":"templates","provider":"provider[\"registry.opentofu.org/bpg/proxmox\"]","instances":[{"index_key":"alpine-3.22","schema_version":0,"attributes":{"checksum":null,"checksum_algorithm":null,"content_type":"vztmpl","datastore_id":"local","decompression_algorithm":null,"file_name":"alpine-3.22-default_20250617_amd64.tar.xz","id":"local:vztmpl/alpine-3.22-default_20250617_amd64.tar.xz","node_name":"pve","overwrite":true,"overwrite_unmanaged":true,"size":3271244,"upload_timeout":600,"url":"http://download.proxmox.com/images/system/alpine-3.22-default_20250617_amd64.tar.xz","verify":true},"sensitive_attributes":[]},{"index_key":"debian-13","schema_version":0,"attributes":{"checksum":null,"checksum_algorithm":null,"content_type":"vztmpl","datastore_id":"local","decompression_algorithm":null,"file_name":"debian-13-standard_13.1-2_amd64.tar.zst","id":"local:vztmpl/debian-13-standard_13.1-2_amd64.tar.zst","node_name":"pve","overwrite":true,"overwrite_unmanaged":true,"size":129710398,"upload_timeout":600,"url":"http://download.proxmox.com/images/system/debian-13-standard_13.1-2_amd64.tar.zst","verify":true},"sensitive_attributes":[]}]}],"check_results":null}
